PODS:
  - MBProgressHUD (0.9)
  - PPHelpMe (1.0.2)
  - PPRevealSideViewController (1.2.0):
    - PPHelpMe
  - Toast (2.4)

DEPENDENCIES:
  - MBProgressHUD
  - PPRevealSideViewController
  - Toast

SPEC CHECKSUMS:
  MBProgressHUD: 2038dbcf3dce73215abed6001657043d53aa79a8
  PPHelpMe: 42295095f70926b9406cf0911f262c00bf49a6cb
  PPRevealSideViewController: ae3c739dd0fcd8ce1413de9b680a37e783c14afb
  Toast: 6a3c2b1d70e426b26d130971c369670eac7aa9ce

COCOAPODS: 0.35.0
